// !$*UTF8*$!
{
	archiveVersion = 1;
	classes = {
	};
	objectVersion = 56;
	objects = {

/* Begin PBXBuildFile section */
		3CB4BA202A38AA3C00A539DE /* AppDelegate.swift in Sources */ = {isa = PBXBuildFile; fileRef = 3CB4BA1F2A38AA3C00A539DE /* AppDelegate.swift */; };
		3CB4BA222A38AA3C00A539DE /* SceneDelegate.swift in Sources */ = {isa = PBXBuildFile; fileRef = 3CB4BA212A38AA3C00A539DE /* SceneDelegate.swift */; };
		3CB4BA242A38AA3C00A539DE /* ViewController.swift in Sources */ = {isa = PBXBuildFile; fileRef = 3CB4BA232A38AA3C00A539DE /* ViewController.swift */; };
		3CB4BA272A38AA3C00A539DE /* Main.storyboard in Resources */ = {isa = PBXBuildFile; fileRef = 3CB4BA252A38AA3C00A539DE /* Main.storyboard */; };
		3CB4BA292A38AA3E00A539DE /* Assets.xcassets in Resources */ = {isa = PBXBuildFile; fileRef = 3CB4BA282A38AA3E00A539DE /* Assets.xcassets */; };
		3CB4BA2C2A38AA3E00A539DE /* LaunchScreen.storyboard in Resources */ = {isa = PBXBuildFile; fileRef = 3CB4BA2A2A38AA3E00A539DE /* LaunchScreen.storyboard */; };
		3CB4BA372A38AA3F00A539DE /* QuizAppTests.swift in Sources */ = {isa = PBXBuildFile; fileRef = 3CB4BA362A38AA3F00A539DE /* QuizAppTests.swift */; };
		3CB4BA412A38AA3F00A539DE /* QuizAppUITests.swift in Sources */ = {isa = PBXBuildFile; fileRef = 3CB4BA402A38AA3F00A539DE /* QuizAppUITests.swift */; };
		3CB4BA432A38AA3F00A539DE /* QuizAppUITestsLaunchTests.swift in Sources */ = {isa = PBXBuildFile; fileRef = 3CB4BA422A38AA3F00A539DE /* QuizAppUITestsLaunchTests.swift */; };
		3CBE3AEB2A39F0B500F75F24 /* BackgroundAnim.swift in Sources */ = {isa = PBXBuildFile; fileRef = 3CBE3AEA2A39F0B400F75F24 /* BackgroundAnim.swift */; };
/* End PBXBuildFile section */

/* Begin PBXContainerItemProxy section */
		3CB4BA332A38AA3F00A539DE /* PBXContainerItemProxy */ = {
			isa = PBXContainerItemProxy;
			containerPortal = 3CB4BA142A38AA3C00A539DE /* Project object */;
			proxyType = 1;
			remoteGlobalIDString = 3CB4BA1B2A38AA3C00A539DE;
			remoteInfo = QuizApp;
		};
		3CB4BA3D2A38AA3F00A539DE /* PBXContainerItemProxy */ = {
			isa = PBXContainerItemProxy;
			containerPortal = 3CB4BA142A38AA3C00A539DE /* Project object */;
			proxyType = 1;
			remoteGlobalIDString = 3CB4BA1B2A38AA3C00A539DE;
			remoteInfo = QuizApp;
		};
/* End PBXContainerItemProxy section */

/* Begin PBXFileReference section */
		3CB4BA1C2A38AA3C00A539DE /* QuizApp.app */ = {isa = PBXFileReference; explicitFileType = wrapper.application; includeInIndex = 0; path = QuizApp.app; sourceTree = BUILT_PRODUCTS_DIR; };
		3CB4BA1F2A38AA3C00A539DE /* AppDelegate.swift */ = {isa = PBXFileReference; lastKnownFileType = sourcecode.swift; path = AppDelegate.swift; sourceTree = "<group>"; };
		3CB4BA212A38AA3C00A539DE /* SceneDelegate.swift */ = {isa = PBXFileReference; lastKnownFileType = sourcecode.swift; path = SceneDelegate.swift; sourceTree = "<group>"; };
		3CB4BA232A38AA3C00A539DE /* ViewController.swift */ = {isa = PBXFileReference; lastKnownFileType = sourcecode.swift; path = ViewController.swift; sourceTree = "<group>"; };
		3CB4BA262A38AA3C00A539DE /* Base */ = {isa = PBXFileReference; lastKnownFileType = file.storyboard; name = Base; path = Base.lproj/Main.storyboard; sourceTree = "<group>"; };
		3CB4BA282A38AA3E00A539DE /* Assets.xcassets */ = {isa = PBXFileReference; lastKnownFileType = folder.assetcatalog; path = Assets.xcassets; sourceTree = "<group>"; };
		3CB4BA2B2A38AA3E00A539DE /* Base */ = {isa = PBXFileReference; lastKnownFileType = file.storyboard; name = Base; path = Base.lproj/LaunchScreen.storyboard; sourceTree = "<group>"; };
		3CB4BA2D2A38AA3E00A539DE /* Info.plist */ = {isa = PBXFileReference; lastKnownFileType = text.plist.xml; path = Info.plist; sourceTree = "<group>"; };
		3CB4BA322A38AA3F00A539DE /* QuizAppTests.xctest */ = {isa = PBXFileReference; explicitFileType = wrapper.cfbundle; includeInIndex = 0; path = QuizAppTests.xctest; sourceTree = BUILT_PRODUCTS_DIR; };
		3CB4BA362A38AA3F00A539DE /* QuizAppTests.swift */ = {isa = PBXFileReference; lastKnownFileType = sourcecode.swift; path = QuizAppTests.swift; sourceTree = "<group>"; };
		3CB4BA3C2A38AA3F00A539DE /* QuizAppUITests.xctest */ = {isa = PBXFileReference; explicitFileType = wrapper.cfbundle; includeInIndex = 0; path = QuizAppUITests.xctest; sourceTree = BUILT_PRODUCTS_DIR; };
		3CB4BA402A38AA3F00A539DE /* QuizAppUITests.swift */ = {isa = PBXFileReference; lastKnownFileType = sourcecode.swift; path = QuizAppUITests.swift; sourceTree = "<group>"; };
		3CB4BA422A38AA3F00A539DE /* QuizAppUITestsLaunchTests.swift */ = {isa = PBXFileReference; lastKnownFileType = sourcecode.swift; path = QuizAppUITestsLaunchTests.swift; sourceTree = "<group>"; };
		3CBE3AEA2A39F0B400F75F24 /* BackgroundAnim.swift */ = {isa = PBXFileReference; fileEncoding = 4; lastKnownFileType = sourcecode.swift; path = BackgroundAnim.swift; sourceTree = "<group>"; };
/* End PBXFileReference section */

/* Begin PBXFrameworksBuildPhase section */
		3CB4BA192A38AA3C00A539DE /* Frameworks */ = {
			isa = PBXFrameworksBuildPhase;
			buildActionMask = 2147483647;
			files = (
			);
			runOnlyForDeploymentPostprocessing = 0;
		};
		3CB4BA2F2A38AA3F00A539DE /* Frameworks */ = {
			isa = PBXFrameworksBuildPhase;
			buildActionMask = 2147483647;
			files = (
			);
			runOnlyForDeploymentPostprocessing = 0;
		};
		3CB4BA392A38AA3F00A539DE /* Frameworks */ = {
			isa = PBXFrameworksBuildPhase;
			buildActionMask = 2147483647;
			files = (
			);
			runOnlyForDeploymentPostprocessing = 0;
		};
/* End PBXFrameworksBuildPhase section */

/* Begin PBXGroup section */
		3CB4BA132A38AA3C00A539DE = {
			isa = PBXGroup;
			children = (
				3CB4BA1E2A38AA3C00A539DE /* QuizApp */,
				3CB4BA352A38AA3F00A539DE /* QuizAppTests */,
				3CB4BA3F2A38AA3F00A539DE /* QuizAppUITests */,
				3CB4BA1D2A38AA3C00A539DE /* Products */,
			);
			sourceTree = "<group>";
		};
		3CB4BA1D2A38AA3C00A539DE /* Products */ = {
			isa = PBXGroup;
			children = (
				3CB4BA1C2A38AA3C00A539DE /* QuizApp.app */,
				3CB4BA322A38AA3F00A539DE /* QuizAppTests.xctest */,
				3CB4BA3C2A38AA3F00A539DE /* QuizAppUITests.xctest */,
			);
			name = Products;
			sourceTree = "<group>";
		};
		3CB4BA1E2A38AA3C00A539DE /* QuizApp */ = {
			isa = PBXGroup;
			children = (
				3CB4BA1F2A38AA3C00A539DE /* AppDelegate.swift */,
				3CB4BA212A38AA3C00A539DE /* SceneDelegate.swift */,
				3CB4BA232A38AA3C00A539DE /* ViewController.swift */,
				3CBE3AE92A39F09100F75F24 /* BackgroundAnimation */,
				3CB4BA252A38AA3C00A539DE /* Main.storyboard */,
				3CB4BA282A38AA3E00A539DE /* Assets.xcassets */,
				3CB4BA2A2A38AA3E00A539DE /* LaunchScreen.storyboard */,
				3CB4BA2D2A38AA3E00A539DE /* Info.plist */,
			);
			path = QuizApp;
			sourceTree = "<group>";
		};
		3CB4BA352A38AA3F00A539DE /* QuizAppTests */ = {
			isa = PBXGroup;
			children = (
				3CB4BA362A38AA3F00A539DE /* QuizAppTests.swift */,
			);
			path = QuizAppTests;
			sourceTree = "<group>";
		};
		3CB4BA3F2A38AA3F00A539DE /* QuizAppUITests */ = {
			isa = PBXGroup;
			children = (
				3CB4BA402A38AA3F00A539DE /* QuizAppUITests.swift */,
				3CB4BA422A38AA3F00A539DE /* QuizAppUITestsLaunchTests.swift */,
			);
			path = QuizAppUITests;
			sourceTree = "<group>";
		};
		3CBE3AE92A39F09100F75F24 /* BackgroundAnimation */ = {
			isa = PBXGroup;
			children = (
				3CBE3AEA2A39F0B400F75F24 /* BackgroundAnim.swift */,
			);
			path = BackgroundAnimation;
			sourceTree = "<group>";
		};
/* End PBXGroup section */

/* Begin PBXNativeTarget section */
		3CB4BA1B2A38AA3C00A539DE /* QuizApp */ = {
			isa = PBXNativeTarget;
			buildConfigurationList = 3CB4BA462A38AA3F00A539DE /* Build configuration list for PBXNativeTarget "QuizApp" */;
			buildPhases = (
				3CB4BA182A38AA3C00A539DE /* Sources */,
				3CB4BA192A38AA3C00A539DE /* Frameworks */,
				3CB4BA1A2A38AA3C00A539DE /* Resources */,
			);
			buildRules = (
			);
			dependencies = (
			);
			name = QuizApp;
			productName = QuizApp;
			productReference = 3CB4BA1C2A38AA3C00A539DE /* QuizApp.app */;
			productType = "com.apple.product-type.application";
		};
		3CB4BA312A38AA3F00A539DE /* QuizAppTests */ = {
			isa = PBXNativeTarget;
			buildConfigurationList = 3CB4BA492A38AA3F00A539DE /* Build configuration list for PBXNativeTarget "QuizAppTests" */;
			buildPhases = (
				3CB4BA2E2A38AA3F00A539DE /* Sources */,
				3CB4BA2F2A38AA3F00A539DE /* Frameworks */,
				3CB4BA302A38AA3F00A539DE /* Resources */,
			);
			buildRules = (
			);
			dependencies = (
				3CB4BA342A38AA3F00A539DE /* PBXTargetDependency */,
			);
			name = QuizAppTests;
			productName = QuizAppTests;
			productReference = 3CB4BA322A38AA3F00A539DE /* QuizAppTests.xctest */;
			productType = "com.apple.product-type.bundle.unit-test";
		};
		3CB4BA3B2A38AA3F00A539DE /* QuizAppUITests */ = {
			isa = PBXNativeTarget;
			buildConfigurationList = 3CB4BA4C2A38AA3F00A539DE /* Build configuration list for PBXNativeTarget "QuizAppUITests" */;
			buildPhases = (
				3CB4BA382A38AA3F00A539DE /* Sources */,
				3CB4BA392A38AA3F00A539DE /* Frameworks */,
				3CB4BA3A2A38AA3F00A539DE /* Resources */,
			);
			buildRules = (
			);
			dependencies = (
				3CB4BA3E2A38AA3F00A539DE /* PBXTargetDependency */,
			);
			name = QuizAppUITests;
			productName = QuizAppUITests;
			productReference = 3CB4BA3C2A38AA3F00A539DE /* QuizAppUITests.xctest */;
			productType = "com.apple.product-type.bundle.ui-testing";
		};
/* End PBXNativeTarget section */

/* Begin PBXProject section */
		3CB4BA142A38AA3C00A539DE /* Project object */ = {
			isa = PBXProject;
			attributes = {
				BuildIndependentTargetsInParallel = 1;
				LastSwiftUpdateCheck = 1410;
				LastUpgradeCheck = 1410;
				TargetAttributes = {
					3CB4BA1B2A38AA3C00A539DE = {
						CreatedOnToolsVersion = 14.1;
					};
					3CB4BA312A38AA3F00A539DE = {
						CreatedOnToolsVersion = 14.1;
						TestTargetID = 3CB4BA1B2A38AA3C00A539DE;
					};
					3CB4BA3B2A38AA3F00A539DE = {
						CreatedOnToolsVersion = 14.1;
						TestTargetID = 3CB4BA1B2A38AA3C00A539DE;
					};
				};
			};
			buildConfigurationList = 3CB4BA172A38AA3C00A539DE /* Build configuration list for PBXProject "QuizApp" */;
			compatibilityVersion = "Xcode 14.0";
			developmentRegion = en;
			hasScannedForEncodings = 0;
			knownRegions = (
				en,
				Base,
			);
			mainGroup = 3CB4BA132A38AA3C00A539DE;
			productRefGroup = 3CB4BA1D2A38AA3C00A539DE /* Products */;
			projectDirPath = "";
			projectRoot = "";
			targets = (
				3CB4BA1B2A38AA3C00A539DE /* QuizApp */,
				3CB4BA312A38AA3F00A539DE /* QuizAppTests */,
				3CB4BA3B2A38AA3F00A539DE /* QuizAppUITests */,
			);
		};
/* End PBXProject section */

/* Begin PBXResourcesBuildPhase section */
		3CB4BA1A2A38AA3C00A539DE /* Resources */ = {
			isa = PBXResourcesBuildPhase;
			buildActionMask = 2147483647;
			files = (
				3CB4BA2C2A38AA3E00A539DE /* LaunchScreen.storyboard in Resources */,
				3CB4BA292A38AA3E00A539DE /* Assets.xcassets in Resources */,
				3CB4BA272A38AA3C00A539DE /* Main.storyboard in Resources */,
			);
			runOnlyForDeploymentPostprocessing = 0;
		};
		3CB4BA302A38AA3F00A539DE /* Resources */ = {
			isa = PBXResourcesBuildPhase;
			buildActionMask = 2147483647;
			files = (
			);
			runOnlyForDeploymentPostprocessing = 0;
		};
		3CB4BA3A2A38AA3F00A539DE /* Resources */ = {
			isa = PBXResourcesBuildPhase;
			buildActionMask = 2147483647;
			files = (
			);
			runOnlyForDeploymentPostprocessing = 0;
		};
/* End PBXResourcesBuildPhase section */

/* Begin PBXSourcesBuildPhase section */
		3CB4BA182A38AA3C00A539DE /* Sources */ = {
			isa = PBXSourcesBuildPhase;
			buildActionMask = 2147483647;
			files = (
				3CBE3AEB2A39F0B500F75F24 /* BackgroundAnim.swift in Sources */,
				3CB4BA242A38AA3C00A539DE /* ViewController.swift in Sources */,
				3CB4BA202A38AA3C00A539DE /* AppDelegate.swift in Sources */,
				3CB4BA222A38AA3C00A539DE /* SceneDelegate.swift in Sources */,
			);
			runOnlyForDeploymentPostprocessing = 0;
		};
		3CB4BA2E2A38AA3F00A539DE /* Sources */ = {
			isa = PBXSourcesBuildPhase;
			buildActionMask = 2147483647;
			files = (
				3CB4BA372A38AA3F00A539DE /* QuizAppTests.swift in Sources */,
			);
			runOnlyForDeploymentPostprocessing = 0;
		};
		3CB4BA382A38AA3F00A539DE /* Sources */ = {
			isa = PBXSourcesBuildPhase;
			buildActionMask = 2147483647;
			files = (
				3CB4BA412A38AA3F00A539DE /* QuizAppUITests.swift in Sources */,
				3CB4BA432A38AA3F00A539DE /* QuizAppUITestsLaunchTests.swift in Sources */,
			);
			runOnlyForDeploymentPostprocessing = 0;
		};
/* End PBXSourcesBuildPhase section */

/* Begin PBXTargetDependency section */
		3CB4BA342A38AA3F00A539DE /* PBXTargetDependency */ = {
			isa = PBXTargetDependency;
			target = 3CB4BA1B2A38AA3C00A539DE /* QuizApp */;
			targetProxy = 3CB4BA332A38AA3F00A539DE /* PBXContainerItemProxy */;
		};
		3CB4BA3E2A38AA3F00A539DE /* PBXTargetDependency */ = {
			isa = PBXTargetDependency;
			target = 3CB4BA1B2A38AA3C00A539DE /* QuizApp */;
			targetProxy = 3CB4BA3D2A38AA3F00A539DE /* PBXContainerItemProxy */;
		};
/* End PBXTargetDependency section */

/* Begin PBXVariantGroup section */
		3CB4BA252A38AA3C00A539DE /* Main.storyboard */ = {
			isa = PBXVariantGroup;
			children = (
				3CB4BA262A38AA3C00A539DE /* Base */,
			);
			name = Main.storyboard;
			sourceTree = "<group>";
		};
		3CB4BA2A2A38AA3E00A539DE /* LaunchScreen.storyboard */ = {
			isa = PBXVariantGroup;
			children = (
				3CB4BA2B2A38AA3E00A539DE /* Base */,
			);
			name = LaunchScreen.storyboard;
			sourceTree = "<group>";
		};
/* End PBXVariantGroup section */

/* Begin XCBuildConfiguration section */
		3CB4BA442A38AA3F00A539DE /* Debug */ = {
			isa = XCBuildConfiguration;
			buildSettings = {
				ALWAYS_SEARCH_USER_PATHS = NO;
				CLANG_ANALYZER_NONNULL = YES;
				CLANG_ANALYZER_NUMBER_OBJECT_CONVERSION = YES_AGGRESSIVE;
				CLANG_CXX_LANGUAGE_STANDARD = "gnu++20";
				CLANG_ENABLE_MODULES = YES;
				CLANG_ENABLE_OBJC_ARC = YES;
				CLANG_ENABLE_OBJC_WEAK = YES;
				CLANG_WARN_BLOCK_CAPTURE_AUTORELEASING = YES;
				CLANG_WARN_BOOL_CONVERSION = YES;
				CLANG_WARN_COMMA = YES;
				CLANG_WARN_CONSTANT_CONVERSION = YES;
				CLANG_WARN_DEPRECATED_OBJC_IMPLEMENTATIONS = YES;
				CLANG_WARN_DIRECT_OBJC_ISA_USAGE = YES_ERROR;
				CLANG_WARN_DOCUMENTATION_COMMENTS = YES;
				CLANG_WARN_EMPTY_BODY = YES;
				CLANG_WARN_ENUM_CONVERSION = YES;
				CLANG_WARN_INFINITE_RECURSION = YES;
				CLANG_WARN_INT_CONVERSION = YES;
				CLANG_WARN_NON_LITERAL_NULL_CONVERSION = YES;
				CLANG_WARN_OBJC_IMPLICIT_RETAIN_SELF = YES;
				CLANG_WARN_OBJC_LITERAL_CONVERSION = YES;
				CLANG_WARN_OBJC_ROOT_CLASS = YES_ERROR;
				CLANG_WARN_QUOTED_INCLUDE_IN_FRAMEWORK_HEADER = YES;
				CLANG_WARN_RANGE_LOOP_ANALYSIS = YES;
				CLANG_WARN_STRICT_PROTOTYPES = YES;
				CLANG_WARN_SUSPICIOUS_MOVE = YES;
				CLANG_WARN_UNGUARDED_AVAILABILITY = YES_AGGRESSIVE;
				CLANG_WARN_UNREACHABLE_CODE = YES;
				CLANG_WARN__DUPLICATE_METHOD_MATCH = YES;
				COPY_PHASE_STRIP = NO;
				DEBUG_INFORMATION_FORMAT = dwarf;
				ENABLE_STRICT_OBJC_MSGSEND = YES;
				ENABLE_TESTABILITY = YES;
				GCC_C_LANGUAGE_STANDARD = gnu11;
				GCC_DYNAMIC_NO_PIC = NO;
				GCC_NO_COMMON_BLOCKS = YES;
				GCC_OPTIMIZATION_LEVEL = 0;
				GCC_PREPROCESSOR_DEFINITIONS = (
					"DEBUG=1",
					"$(inherited)",
				);
				GCC_WARN_64_TO_32_BIT_CONVERSION = YES;
				GCC_WARN_ABOUT_RETURN_TYPE = YES_ERROR;
				GCC_WARN_UNDECLARED_SELECTOR = YES;
				GCC_WARN_UNINITIALIZED_AUTOS = YES_AGGRESSIVE;
				GCC_WARN_UNUSED_FUNCTION = YES;
				GCC_WARN_UNUSED_VARIABLE = YES;
				IPHONEOS_DEPLOYMENT_TARGET = 16.1;
				MTL_ENABLE_DEBUG_INFO = INCLUDE_SOURCE;
				MTL_FAST_MATH = YES;
				ONLY_ACTIVE_ARCH = YES;
				SDKROOT = iphoneos;
				SWIFT_ACTIVE_COMPILATION_CONDITIONS = DEBUG;
				SWIFT_OPTIMIZATION_LEVEL = "-Onone";
			};
			name = Debug;
		};
		3CB4BA452A38AA3F00A539DE /* Release */ = {
			isa = XCBuildConfiguration;
			buildSettings = {
				ALWAYS_SEARCH_USER_PATHS = NO;
				CLANG_ANALYZER_NONNULL = YES;
				CLANG_ANALYZER_NUMBER_OBJECT_CONVERSION = YES_AGGRESSIVE;
				CLANG_CXX_LANGUAGE_STANDARD = "gnu++20";
				CLANG_ENABLE_MODULES = YES;
				CLANG_ENABLE_OBJC_ARC = YES;
				CLANG_ENABLE_OBJC_WEAK = YES;
				CLANG_WARN_BLOCK_CAPTURE_AUTORELEASING = YES;
				CLANG_WARN_BOOL_CONVERSION = YES;
				CLANG_WARN_COMMA = YES;
				CLANG_WARN_CONSTANT_CONVERSION = YES;
				CLANG_WARN_DEPRECATED_OBJC_IMPLEMENTATIONS = YES;
				CLANG_WARN_DIRECT_OBJC_ISA_USAGE = YES_ERROR;
				CLANG_WARN_DOCUMENTATION_COMMENTS = YES;
				CLANG_WARN_EMPTY_BODY = YES;
				CLANG_WARN_ENUM_CONVERSION = YES;
				CLANG_WARN_INFINITE_RECURSION = YES;
				CLANG_WARN_INT_CONVERSION = YES;
				CLANG_WARN_NON_LITERAL_NULL_CONVERSION = YES;
				CLANG_WARN_OBJC_IMPLICIT_RETAIN_SELF = YES;
				CLANG_WARN_OBJC_LITERAL_CONVERSION = YES;
				CLANG_WARN_OBJC_ROOT_CLASS = YES_ERROR;
				CLANG_WARN_QUOTED_INCLUDE_IN_FRAMEWORK_HEADER = YES;
				CLANG_WARN_RANGE_LOOP_ANALYSIS = YES;
				CLANG_WARN_STRICT_PROTOTYPES = YES;
				CLANG_WARN_SUSPICIOUS_MOVE = YES;
				CLANG_WARN_UNGUARDED_AVAILABILITY = YES_AGGRESSIVE;
				CLANG_WARN_UNREACHABLE_CODE = YES;
				CLANG_WARN__DUPLICATE_METHOD_MATCH = YES;
				COPY_PHASE_STRIP = NO;
				DEBUG_INFORMATION_FORMAT = "dwarf-with-dsym";
				ENABLE_NS_ASSERTIONS = NO;
				ENABLE_STRICT_OBJC_MSGSEND = YES;
				GCC_C_LANGUAGE_STANDARD = gnu11;
				GCC_NO_COMMON_BLOCKS = YES;
				GCC_WARN_64_TO_32_BIT_CONVERSION = YES;
				GCC_WARN_ABOUT_RETURN_TYPE = YES_ERROR;
				GCC_WARN_UNDECLARED_SELECTOR = YES;
				GCC_WARN_UNINITIALIZED_AUTOS = YES_AGGRESSIVE;
				GCC_WARN_UNUSED_FUNCTION = YES;
				GCC_WARN_UNUSED_VARIABLE = YES;
				IPHONEOS_DEPLOYMENT_TARGET = 16.1;
				MTL_ENABLE_DEBUG_INFO = NO;
				MTL_FAST_MATH = YES;
				SDKROOT = iphoneos;
				SWIFT_COMPILATION_MODE = wholemodule;
				SWIFT_OPTIMIZATION_LEVEL = "-O";
				VALIDATE_PRODUCT = YES;
			};
			name = Release;
		};
		3CB4BA472A38AA3F00A539DE /* Debug */ = {
			isa = XCBuildConfiguration;
			buildSettings = {
				ASSETCATALOG_COMPILER_APPICON_NAME = AppIcon;
				ASSETCATALOG_COMPILER_GLOBAL_ACCENT_COLOR_NAME = AccentColor;
				CODE_SIGN_STYLE = Automatic;
				CURRENT_PROJECT_VERSION = 1;
				DEVELOPMENT_TEAM = B8677HC9HV;
				GENERATE_INFOPLIST_FILE = YES;
				INFOPLIST_FILE = QuizApp/Info.plist;
				INFOPLIST_KEY_UIApplicationSupportsIndirectInputEvents = YES;
				INFOPLIST_KEY_UILaunchStoryboardName = LaunchScreen;
				INFOPLIST_KEY_UIMainStoryboardFile = Main;
				INFOPLIST_KEY_UISupportedInterfaceOrientations_iPad = "UIInterfaceOrientationPortrait UIInterfaceOrientationPortraitUpsideDown UIInterfaceOrientationLandscapeLeft UIInterfaceOrientationLandscapeRight";
				INFOPLIST_KEY_UISupportedInterfaceOrientations_iPhone = "UIInterfaceOrientationPortrait UIInterfaceOrientationLandscapeLeft UIInterfaceOrientationLandscapeRight";
				LD_RUNPATH_SEARCH_PATHS = (
					"$(inherited)",
					"@executable_path/Frameworks",
				);
				MARKETING_VERSION = 1.0;
				PRODUCT_BUNDLE_IDENTIFIER = cubix.com.QuizApp;
				PRODUCT_NAME = "$(TARGET_NAME)";
				SWIFT_EMIT_LOC_STRINGS = YES;
				SWIFT_VERSION = 5.0;
				TARGETED_DEVICE_FAMILY = "1,2";
			};
			name = Debug;
		};
		3CB4BA482A38AA3F00A539DE /* Release */ = {
			isa = XCBuildConfiguration;
			buildSettings = {
				ASSETCATALOG_COMPILER_APPICON_NAME = AppIcon;
				ASSETCATALOG_COMPILER_GLOBAL_ACCENT_COLOR_NAME = AccentColor;
				CODE_SIGN_STYLE = Automatic;
				CURRENT_PROJECT_VERSION = 1;
				DEVELOPMENT_TEAM = B8677HC9HV;
				GENERATE_INFOPLIST_FILE = YES;
				INFOPLIST_FILE = QuizApp/Info.plist;
				INFOPLIST_KEY_UIApplicationSupportsIndirectInputEvents = YES;
				INFOPLIST_KEY_UILaunchStoryboardName = LaunchScreen;
				INFOPLIST_KEY_UIMainStoryboardFile = Main;
				INFOPLIST_KEY_UISupportedInterfaceOrientations_iPad = "UIInterfaceOrientationPortrait UIInterfaceOrientationPortraitUpsideDown UIInterfaceOrientationLandscapeLeft UIInterfaceOrientationLandscapeRight";
				INFOPLIST_KEY_UISupportedInterfaceOrientations_iPhone = "UIInterfaceOrientationPortrait UIInterfaceOrientationLandscapeLeft UIInterfaceOrientationLandscapeRight";
				LD_RUNPATH_SEARCH_PATHS = (
					"$(inherited)",
					"@executable_path/Frameworks",
				);
				MARKETING_VERSION = 1.0;
				PRODUCT_BUNDLE_IDENTIFIER = cubix.com.QuizApp;
				PRODUCT_NAME = "$(TARGET_NAME)";
				SWIFT_EMIT_LOC_STRINGS = YES;
				SWIFT_VERSION = 5.0;
				TARGETED_DEVICE_FAMILY = "1,2";
			};
			name = Release;
		};
		3CB4BA4A2A38AA3F00A539DE /* Debug */ = {
			isa = XCBuildConfiguration;
			buildSettings = {
				ALWAYS_EMBED_SWIFT_STANDARD_LIBRARIES = YES;
				BUNDLE_LOADER = "$(TEST_HOST)";
				CODE_SIGN_STYLE = Automatic;
				CURRENT_PROJECT_VERSION = 1;
				DEVELOPMENT_TEAM = B8677HC9HV;
				GENERATE_INFOPLIST_FILE = YES;
				IPHONEOS_DEPLOYMENT_TARGET = 16.1;
				MARKETING_VERSION = 1.0;
				PRODUCT_BUNDLE_IDENTIFIER = cubix.com.QuizAppTests;
				PRODUCT_NAME = "$(TARGET_NAME)";
				SWIFT_EMIT_LOC_STRINGS = NO;
				SWIFT_VERSION = 5.0;
				TARGETED_DEVICE_FAMILY = "1,2";
				TEST_HOST = "$(BUILT_PRODUCTS_DIR)/QuizApp.app/$(BUNDLE_EXECUTABLE_FOLDER_PATH)/QuizApp";
			};
			name = Debug;
		};
		3CB4BA4B2A38AA3F00A539DE /* Release */ = {
			isa = XCBuildConfiguration;
			buildSettings = {
				ALWAYS_EMBED_SWIFT_STANDARD_LIBRARIES = YES;
				BUNDLE_LOADER = "$(TEST_HOST)";
				CODE_SIGN_STYLE = Automatic;
				CURRENT_PROJECT_VERSION = 1;
				DEVELOPMENT_TEAM = B8677HC9HV;
				GENERATE_INFOPLIST_FILE = YES;
				IPHONEOS_DEPLOYMENT_TARGET = 16.1;
				MARKETING_VERSION = 1.0;
				PRODUCT_BUNDLE_IDENTIFIER = cubix.com.QuizAppTests;
				PRODUCT_NAME = "$(TARGET_NAME)";
				SWIFT_EMIT_LOC_STRINGS = NO;
				SWIFT_VERSION = 5.0;
				TARGETED_DEVICE_FAMILY = "1,2";
				TEST_HOST = "$(BUILT_PRODUCTS_DIR)/QuizApp.app/$(BUNDLE_EXECUTABLE_FOLDER_PATH)/QuizApp";
			};
			name = Release;
		};
		3CB4BA4D2A38AA3F00A539DE /* Debug */ = {
			isa = XCBuildConfiguration;
			buildSettings = {
				ALWAYS_EMBED_SWIFT_STANDARD_LIBRARIES = YES;
				CODE_SIGN_STYLE = Automatic;
				CURRENT_PROJECT_VERSION = 1;
				DEVELOPMENT_TEAM = B8677HC9HV;
				GENERATE_INFOPLIST_FILE = YES;
				MARKETING_VERSION = 1.0;
				PRODUCT_BUNDLE_IDENTIFIER = cubix.com.QuizAppUITests;
				PRODUCT_NAME = "$(TARGET_NAME)";
				SWIFT_EMIT_LOC_STRINGS = NO;
				SWIFT_VERSION = 5.0;
				TARGETED_DEVICE_FAMILY = "1,2";
				TEST_TARGET_NAME = QuizApp;
			};
			name = Debug;
		};
		3CB4BA4E2A38AA3F00A539DE /* Release */ = {
			isa = XCBuildConfiguration;
			buildSettings = {
				ALWAYS_EMBED_SWIFT_STANDARD_LIBRARIES = YES;
				CODE_SIGN_STYLE = Automatic;
				CURRENT_PROJECT_VERSION = 1;
				DEVELOPMENT_TEAM = B8677HC9HV;
				GENERATE_INFOPLIST_FILE = YES;
				MARKETING_VERSION = 1.0;
				PRODUCT_BUNDLE_IDENTIFIER = cubix.com.QuizAppUITests;
				PRODUCT_NAME = "$(TARGET_NAME)";
				SWIFT_EMIT_LOC_STRINGS = NO;
				SWIFT_VERSION = 5.0;
				TARGETED_DEVICE_FAMILY = "1,2";
				TEST_TARGET_NAME = QuizApp;
			};
			name = Release;
		};
/* End XCBuildConfiguration section */

/* Begin XCConfigurationList section */
		3CB4BA172A38AA3C00A539DE /* Build configuration list for PBXProject "QuizApp" */ = {
			isa = XCConfigurationList;
			buildConfigurations = (
				3CB4BA442A38AA3F00A539DE /* Debug */,
				3CB4BA452A38AA3F00A539DE /* Release */,
			);
			defaultConfigurationIsVisible = 0;
			defaultConfigurationName = Release;
		};
		3CB4BA462A38AA3F00A539DE /* Build configuration list for PBXNativeTarget "QuizApp" */ = {
			isa = XCConfigurationList;
			buildConfigurations = (
				3CB4BA472A38AA3F00A539DE /* Debug */,
				3CB4BA482A38AA3F00A539DE /* Release */,
			);
			defaultConfigurationIsVisible = 0;
			defaultConfigurationName = Release;
		};
		3CB4BA492A38AA3F00A539DE /* Build configuration list for PBXNativeTarget "QuizAppTests" */ = {
			isa = XCConfigurationList;
			buildConfigurations = (
				3CB4BA4A2A38AA3F00A539DE /* Debug */,
				3CB4BA4B2A38AA3F00A539DE /* Release */,
			);
			defaultConfigurationIsVisible = 0;
			defaultConfigurationName = Release;
		};
		3CB4BA4C2A38AA3F00A539DE /* Build configuration list for PBXNativeTarget "QuizAppUITests" */ = {
			isa = XCConfigurationList;
			buildConfigurations = (
				3CB4BA4D2A38AA3F00A539DE /* Debug */,
				3CB4BA4E2A38AA3F00A539DE /* Release */,
			);
			defaultConfigurationIsVisible = 0;
			defaultConfigurationName = Release;
		};
/* End XCConfigurationList section */
	};
	rootObject = 3CB4BA142A38AA3C00A539DE /* Project object */;
}
